
Microsoft Visual Studio Solution File, Format Version 12.00
# Visual Studio Version 16
VisualStudioVersion = 16.0.32413.511
MinimumVisualStudioVersion = 10.0.40219.1
Project("{FAE04EC0-301F-11D3-BF4B-00C04F79EFBC}") = "ElectronicsStore", "ElectronicsStore\ElectronicsStore.csproj", "{97E74CE5-66CD-4103-AE9D-A4A276E760C3}"
EndProject
Global
	GlobalSection(SolutionConfigurationPlatforms) = preSolution
		Debug|Any CPU = Debug|Any CPU
		Release|Any CPU = Release|Any CPU
	EndGlobalSection
	GlobalSection(ProjectConfigurationPlatforms) = postSolution
		{97E74CE5-66CD-4103-AE9D-A4A276E760C3}.Debug|Any CPU.ActiveCfg = Debug|Any CPU
		{97E74CE5-66CD-4103-AE9D-A4A276E760C3}.Debug|Any CPU.Build.0 = Debug|Any CPU
		{97E74CE5-66CD-4103-AE9D-A4A276E760C3}.Release|Any CPU.ActiveCfg = Release|Any CPU
		{97E74CE5-66CD-4103-AE9D-A4A276E760C3}.Release|Any CPU.Build.0 = Release|Any CPU
	EndGlobalSection
	GlobalSection(SolutionProperties) = preSolution
		HideSolutionNode = FALSE
	EndGlobalSection
	GlobalSection(ExtensibilityGlobals) = postSolution
		SolutionGuid = {C60836D0-0910-4687-BCBF-FBB3DDBEB8C7}
	EndGlobalSection
EndGlobal
